
Microsoft Visual Studio Solution File, Format Version 12.00
# Visual Studio 15
VisualStudioVersion = 15.0.26430.6
MinimumVisualStudioVersion = 10.0.40219.1
Project("{FAE04EC0-301F-11D3-BF4B-00C04F79EFBC}") = "HelloAndroid", "HelloAndroid\HelloAndroid.csproj", "{5CC9BB92-E2B8-4764-97AC-0508C599B61E}"
EndProject
Project("{FAE04EC0-301F-11D3-BF4B-00C04F79EFBC}") = "Data", "Data\Data.csproj", "{003886EF-B505-43D9-BD9E-2BE608347793}"
EndProject
Project("{FAE04EC0-301F-11D3-BF4B-00C04F79EFBC}") = "HelloWindows", "HelloWindows\HelloWindows.csproj", "{9568C608-D725-4ABB-931F-B2F6FF4D6835}"
EndProject
Project("{FAE04EC0-301F-11D3-BF4B-00C04F79EFBC}") = "HelloIos", "HelloIos\HelloIos.csproj", "{32FEEE3E-CBB4-4E32-AD27-884BFAB0C79C}"
EndProject
Project("{FAE04EC0-301F-11D3-BF4B-00C04F79EFBC}") = "UnitTestProject1", "UnitTestProject1\UnitTestProject1.csproj", "{E2031595-CB80-45F8-BB9E-0BF7FFCEF3C5}"
EndProject
Global
	GlobalSection(SolutionConfigurationPlatforms) = preSolution
		Ad-Hoc|Any CPU = Ad-Hoc|Any CPU
		Ad-Hoc|ARM = Ad-Hoc|ARM
		Ad-Hoc|iPhone = Ad-Hoc|iPhone
		Ad-Hoc|iPhoneSimulator = Ad-Hoc|iPhoneSimulator
		Ad-Hoc|x64 = Ad-Hoc|x64
		Ad-Hoc|x86 = Ad-Hoc|x86
		AppStore|Any CPU = AppStore|Any CPU
		AppStore|ARM = AppStore|ARM
		AppStore|iPhone = AppStore|iPhone
		AppStore|iPhoneSimulator = AppStore|iPhoneSimulator
		AppStore|x64 = AppStore|x64
		AppStore|x86 = AppStore|x86
		Debug|Any CPU = Debug|Any CPU
		Debug|ARM = Debug|ARM
		Debug|iPhone = Debug|iPhone
		Debug|iPhoneSimulator = Debug|iPhoneSimulator
		Debug|x64 = Debug|x64
		Debug|x86 = Debug|x86
		Release|Any CPU = Release|Any CPU
		Release|ARM = Release|ARM
		Release|iPhone = Release|iPhone
		Release|iPhoneSimulator = Release|iPhoneSimulator
		Release|x64 = Release|x64
		Release|x86 = Release|x86
	EndGlobalSection
	GlobalSection(ProjectConfigurationPlatforms) = postSolution
		{5CC9BB92-E2B8-4764-97AC-0508C599B61E}.Ad-Hoc|Any CPU.ActiveCfg = Release|Any CPU
		{5CC9BB92-E2B8-4764-97AC-0508C599B61E}.Ad-Hoc|Any CPU.Build.0 = Release|Any CPU
		{5CC9BB92-E2B8-4764-97AC-0508C599B61E}.Ad-Hoc|Any CPU.Deploy.0 = Release|Any CPU
		{5CC9BB92-E2B8-4764-97AC-0508C599B61E}.Ad-Hoc|ARM.ActiveCfg = Release|Any CPU
		{5CC9BB92-E2B8-4764-97AC-0508C599B61E}.Ad-Hoc|ARM.Build.0 = Release|Any CPU
		{5CC9BB92-E2B8-4764-97AC-0508C599B61E}.Ad-Hoc|ARM.Deploy.0 = Release|Any CPU
		{5CC9BB92-E2B8-4764-97AC-0508C599B61E}.Ad-Hoc|iPhone.ActiveCfg = Release|Any CPU
		{5CC9BB92-E2B8-4764-97AC-0508C599B61E}.Ad-Hoc|iPhone.Build.0 = Release|Any CPU
		{5CC9BB92-E2B8-4764-97AC-0508C599B61E}.Ad-Hoc|iPhone.Deploy.0 = Release|Any CPU
		{5CC9BB92-E2B8-4764-97AC-0508C599B61E}.Ad-Hoc|iPhoneSimulator.ActiveCfg = Release|Any CPU
		{5CC9BB92-E2B8-4764-97AC-0508C599B61E}.Ad-Hoc|iPhoneSimulator.Build.0 = Release|Any CPU
		{5CC9BB92-E2B8-4764-97AC-0508C599B61E}.Ad-Hoc|iPhoneSimulator.Deploy.0 = Release|Any CPU
		{5CC9BB92-E2B8-4764-97AC-0508C599B61E}.Ad-Hoc|x64.ActiveCfg = Release|Any CPU
		{5CC9BB92-E2B8-4764-97AC-0508C599B61E}.Ad-Hoc|x64.Build.0 = Release|Any CPU
		{5CC9BB92-E2B8-4764-97AC-0508C599B61E}.Ad-Hoc|x64.Deploy.0 = Release|Any CPU
		{5CC9BB92-E2B8-4764-97AC-0508C599B61E}.Ad-Hoc|x86.ActiveCfg = Release|Any CPU
		{5CC9BB92-E2B8-4764-97AC-0508C599B61E}.Ad-Hoc|x86.Build.0 = Release|Any CPU
		{5CC9BB92-E2B8-4764-97AC-0508C599B61E}.Ad-Hoc|x86.Deploy.0 = Release|Any CPU
		{5CC9BB92-E2B8-4764-97AC-0508C599B61E}.AppStore|Any CPU.ActiveCfg = Release|Any CPU
		{5CC9BB92-E2B8-4764-97AC-0508C599B61E}.AppStore|Any CPU.Build.0 = Release|Any CPU
		{5CC9BB92-E2B8-4764-97AC-0508C599B61E}.AppStore|Any CPU.Deploy.0 = Release|Any CPU
		{5CC9BB92-E2B8-4764-97AC-0508C599B61E}.AppStore|ARM.ActiveCfg = Release|Any CPU
		{5CC9BB92-E2B8-4764-97AC-0508C599B61E}.AppStore|ARM.Build.0 = Release|Any CPU
		{5CC9BB92-E2B8-4764-97AC-0508C599B61E}.AppStore|ARM.Deploy.0 = Release|Any CPU
		{5CC9BB92-E2B8-4764-97AC-0508C599B61E}.AppStore|iPhone.ActiveCfg = Release|Any CPU
		{5CC9BB92-E2B8-4764-97AC-0508C599B61E}.AppStore|iPhone.Build.0 = Release|Any CPU
		{5CC9BB92-E2B8-4764-97AC-0508C599B61E}.AppStore|iPhone.Deploy.0 = Release|Any CPU
		{5CC9BB92-E2B8-4764-97AC-0508C599B61E}.AppStore|iPhoneSimulator.ActiveCfg = Release|Any CPU
		{5CC9BB92-E2B8-4764-97AC-0508C599B61E}.AppStore|iPhoneSimulator.Build.0 = Release|Any CPU
		{5CC9BB92-E2B8-4764-97AC-0508C599B61E}.AppStore|iPhoneSimulator.Deploy.0 = Release|Any CPU
		{5CC9BB92-E2B8-4764-97AC-0508C599B61E}.AppStore|x64.ActiveCfg = Release|Any CPU
		{5CC9BB92-E2B8-4764-97AC-0508C599B61E}.AppStore|x64.Build.0 = Release|Any CPU
		{5CC9BB92-E2B8-4764-97AC-0508C599B61E}.AppStore|x64.Deploy.0 = Release|Any CPU
		{5CC9BB92-E2B8-4764-97AC-0508C599B61E}.AppStore|x86.ActiveCfg = Release|Any CPU
		{5CC9BB92-E2B8-4764-97AC-0508C599B61E}.AppStore|x86.Build.0 = Release|Any CPU
		{5CC9BB92-E2B8-4764-97AC-0508C599B61E}.AppStore|x86.Deploy.0 = Release|Any CPU
		{5CC9BB92-E2B8-4764-97AC-0508C599B61E}.Debug|Any CPU.ActiveCfg = Debug|Any CPU
		{5CC9BB92-E2B8-4764-97AC-0508C599B61E}.Debug|Any CPU.Build.0 = Debug|Any CPU
		{5CC9BB92-E2B8-4764-97AC-0508C599B61E}.Debug|Any CPU.Deploy.0 = Debug|Any CPU
		{5CC9BB92-E2B8-4764-97AC-0508C599B61E}.Debug|ARM.ActiveCfg = Debug|Any CPU
		{5CC9BB92-E2B8-4764-97AC-0508C599B61E}.Debug|ARM.Build.0 = Debug|Any CPU
		{5CC9BB92-E2B8-4764-97AC-0508C599B61E}.Debug|ARM.Deploy.0 = Debug|Any CPU
		{5CC9BB92-E2B8-4764-97AC-0508C599B61E}.Debug|iPhone.ActiveCfg = Debug|Any CPU
		{5CC9BB92-E2B8-4764-97AC-0508C599B61E}.Debug|iPhone.Build.0 = Debug|Any CPU
		{5CC9BB92-E2B8-4764-97AC-0508C599B61E}.Debug|iPhone.Deploy.0 = Debug|Any CPU
		{5CC9BB92-E2B8-4764-97AC-0508C599B61E}.Debug|iPhoneSimulator.ActiveCfg = Debug|Any CPU
		{5CC9BB92-E2B8-4764-97AC-0508C599B61E}.Debug|iPhoneSimulator.Build.0 = Debug|Any CPU
		{5CC9BB92-E2B8-4764-97AC-0508C599B61E}.Debug|iPhoneSimulator.Deploy.0 = Debug|Any CPU
		{5CC9BB92-E2B8-4764-97AC-0508C599B61E}.Debug|x64.ActiveCfg = Debug|Any CPU
		{5CC9BB92-E2B8-4764-97AC-0508C599B61E}.Debug|x64.Build.0 = Debug|Any CPU
		{5CC9BB92-E2B8-4764-97AC-0508C599B61E}.Debug|x64.Deploy.0 = Debug|Any CPU
		{5CC9BB92-E2B8-4764-97AC-0508C599B61E}.Debug|x86.ActiveCfg = Debug|Any CPU
		{5CC9BB92-E2B8-4764-97AC-0508C599B61E}.Debug|x86.Build.0 = Debug|Any CPU
		{5CC9BB92-E2B8-4764-97AC-0508C599B61E}.Debug|x86.Deploy.0 = Debug|Any CPU
		{5CC9BB92-E2B8-4764-97AC-0508C599B61E}.Release|Any CPU.ActiveCfg = Release|Any CPU
		{5CC9BB92-E2B8-4764-97AC-0508C599B61E}.Release|Any CPU.Build.0 = Release|Any CPU
		{5CC9BB92-E2B8-4764-97AC-0508C599B61E}.Release|Any CPU.Deploy.0 = Release|Any CPU
		{5CC9BB92-E2B8-4764-97AC-0508C599B61E}.Release|ARM.ActiveCfg = Release|Any CPU
		{5CC9BB92-E2B8-4764-97AC-0508C599B61E}.Release|ARM.Build.0 = Release|Any CPU
		{5CC9BB92-E2B8-4764-97AC-0508C599B61E}.Release|ARM.Deploy.0 = Release|Any CPU
		{5CC9BB92-E2B8-4764-97AC-0508C599B61E}.Release|iPhone.ActiveCfg = Release|Any CPU
		{5CC9BB92-E2B8-4764-97AC-0508C599B61E}.Release|iPhone.Build.0 = Release|Any CPU
		{5CC9BB92-E2B8-4764-97AC-0508C599B61E}.Release|iPhone.Deploy.0 = Release|Any CPU
		{5CC9BB92-E2B8-4764-97AC-0508C599B61E}.Release|iPhoneSimulator.ActiveCfg = Release|Any CPU
		{5CC9BB92-E2B8-4764-97AC-0508C599B61E}.Release|iPhoneSimulator.Build.0 = Release|Any CPU
		{5CC9BB92-E2B8-4764-97AC-0508C599B61E}.Release|iPhoneSimulator.Deploy.0 = Release|Any CPU
		{5CC9BB92-E2B8-4764-97AC-0508C599B61E}.Release|x64.ActiveCfg = Release|Any CPU
		{5CC9BB92-E2B8-4764-97AC-0508C599B61E}.Release|x64.Build.0 = Release|Any CPU
		{5CC9BB92-E2B8-4764-97AC-0508C599B61E}.Release|x64.Deploy.0 = Release|Any CPU
		{5CC9BB92-E2B8-4764-97AC-0508C599B61E}.Release|x86.ActiveCfg = Release|Any CPU
		{5CC9BB92-E2B8-4764-97AC-0508C599B61E}.Release|x86.Build.0 = Release|Any CPU
		{5CC9BB92-E2B8-4764-97AC-0508C599B61E}.Release|x86.Deploy.0 = Release|Any CPU
		{003886EF-B505-43D9-BD9E-2BE608347793}.Ad-Hoc|Any CPU.ActiveCfg = Release|Any CPU
		{003886EF-B505-43D9-BD9E-2BE608347793}.Ad-Hoc|Any CPU.Build.0 = Release|Any CPU
		{003886EF-B505-43D9-BD9E-2BE608347793}.Ad-Hoc|ARM.ActiveCfg = Release|Any CPU
		{003886EF-B505-43D9-BD9E-2BE608347793}.Ad-Hoc|ARM.Build.0 = Release|Any CPU
		{003886EF-B505-43D9-BD9E-2BE608347793}.Ad-Hoc|iPhone.ActiveCfg = Release|Any CPU
		{003886EF-B505-43D9-BD9E-2BE608347793}.Ad-Hoc|iPhone.Build.0 = Release|Any CPU
		{003886EF-B505-43D9-BD9E-2BE608347793}.Ad-Hoc|iPhoneSimulator.ActiveCfg = Release|Any CPU
		{003886EF-B505-43D9-BD9E-2BE608347793}.Ad-Hoc|iPhoneSimulator.Build.0 = Release|Any CPU
		{003886EF-B505-43D9-BD9E-2BE608347793}.Ad-Hoc|x64.ActiveCfg = Release|Any CPU
		{003886EF-B505-43D9-BD9E-2BE608347793}.Ad-Hoc|x64.Build.0 = Release|Any CPU
		{003886EF-B505-43D9-BD9E-2BE608347793}.Ad-Hoc|x86.ActiveCfg = Release|Any CPU
		{003886EF-B505-43D9-BD9E-2BE608347793}.Ad-Hoc|x86.Build.0 = Release|Any CPU
		{003886EF-B505-43D9-BD9E-2BE608347793}.AppStore|Any CPU.ActiveCfg = Release|Any CPU
		{003886EF-B505-43D9-BD9E-2BE608347793}.AppStore|Any CPU.Build.0 = Release|Any CPU
		{003886EF-B505-43D9-BD9E-2BE608347793}.AppStore|ARM.ActiveCfg = Release|Any CPU
		{003886EF-B505-43D9-BD9E-2BE608347793}.AppStore|ARM.Build.0 = Release|Any CPU
		{003886EF-B505-43D9-BD9E-2BE608347793}.AppStore|iPhone.ActiveCfg = Release|Any CPU
		{003886EF-B505-43D9-BD9E-2BE608347793}.AppStore|iPhone.Build.0 = Release|Any CPU
		{003886EF-B505-43D9-BD9E-2BE608347793}.AppStore|iPhoneSimulator.ActiveCfg = Release|Any CPU
		{003886EF-B505-43D9-BD9E-2BE608347793}.AppStore|iPhoneSimulator.Build.0 = Release|Any CPU
		{003886EF-B505-43D9-BD9E-2BE608347793}.AppStore|x64.ActiveCfg = Release|Any CPU
		{003886EF-B505-43D9-BD9E-2BE608347793}.AppStore|x64.Build.0 = Release|Any CPU
		{003886EF-B505-43D9-BD9E-2BE608347793}.AppStore|x86.ActiveCfg = Release|Any CPU
		{003886EF-B505-43D9-BD9E-2BE608347793}.AppStore|x86.Build.0 = Release|Any CPU
		{003886EF-B505-43D9-BD9E-2BE608347793}.Debug|Any CPU.ActiveCfg = Debug|Any CPU
		{003886EF-B505-43D9-BD9E-2BE608347793}.Debug|Any CPU.Build.0 = Debug|Any CPU
		{003886EF-B505-43D9-BD9E-2BE608347793}.Debug|ARM.ActiveCfg = Debug|Any CPU
		{003886EF-B505-43D9-BD9E-2BE608347793}.Debug|ARM.Build.0 = Debug|Any CPU
		{003886EF-B505-43D9-BD9E-2BE608347793}.Debug|iPhone.ActiveCfg = Debug|Any CPU
		{003886EF-B505-43D9-BD9E-2BE608347793}.Debug|iPhone.Build.0 = Debug|Any CPU
		{003886EF-B505-43D9-BD9E-2BE608347793}.Debug|iPhoneSimulator.ActiveCfg = Debug|Any CPU
		{003886EF-B505-43D9-BD9E-2BE608347793}.Debug|iPhoneSimulator.Build.0 = Debug|Any CPU
		{003886EF-B505-43D9-BD9E-2BE608347793}.Debug|x64.ActiveCfg = Debug|Any CPU
		{003886EF-B505-43D9-BD9E-2BE608347793}.Debug|x64.Build.0 = Debug|Any CPU
		{003886EF-B505-43D9-BD9E-2BE608347793}.Debug|x86.ActiveCfg = Debug|Any CPU
		{003886EF-B505-43D9-BD9E-2BE608347793}.Debug|x86.Build.0 = Debug|Any CPU
		{003886EF-B505-43D9-BD9E-2BE608347793}.Release|Any CPU.ActiveCfg = Release|Any CPU
		{003886EF-B505-43D9-BD9E-2BE608347793}.Release|Any CPU.Build.0 = Release|Any CPU
		{003886EF-B505-43D9-BD9E-2BE608347793}.Release|ARM.ActiveCfg = Release|Any CPU
		{003886EF-B505-43D9-BD9E-2BE608347793}.Release|ARM.Build.0 = Release|Any CPU
		{003886EF-B505-43D9-BD9E-2BE608347793}.Release|iPhone.ActiveCfg = Release|Any CPU
		{003886EF-B505-43D9-BD9E-2BE608347793}.Release|iPhone.Build.0 = Release|Any CPU
		{003886EF-B505-43D9-BD9E-2BE608347793}.Release|iPhoneSimulator.ActiveCfg = Release|Any CPU
		{003886EF-B505-43D9-BD9E-2BE608347793}.Release|iPhoneSimulator.Build.0 = Release|Any CPU
		{003886EF-B505-43D9-BD9E-2BE608347793}.Release|x64.ActiveCfg = Release|Any CPU
		{003886EF-B505-43D9-BD9E-2BE608347793}.Release|x64.Build.0 = Release|Any CPU
		{003886EF-B505-43D9-BD9E-2BE608347793}.Release|x86.ActiveCfg = Release|Any CPU
		{003886EF-B505-43D9-BD9E-2BE608347793}.Release|x86.Build.0 = Release|Any CPU
		{9568C608-D725-4ABB-931F-B2F6FF4D6835}.Ad-Hoc|Any CPU.ActiveCfg = Release|x64
		{9568C608-D725-4ABB-931F-B2F6FF4D6835}.Ad-Hoc|Any CPU.Build.0 = Release|x64
		{9568C608-D725-4ABB-931F-B2F6FF4D6835}.Ad-Hoc|Any CPU.Deploy.0 = Release|x64
		{9568C608-D725-4ABB-931F-B2F6FF4D6835}.Ad-Hoc|ARM.ActiveCfg = Release|ARM
		{9568C608-D725-4ABB-931F-B2F6FF4D6835}.Ad-Hoc|ARM.Build.0 = Release|ARM
		{9568C608-D725-4ABB-931F-B2F6FF4D6835}.Ad-Hoc|ARM.Deploy.0 = Release|ARM
		{9568C608-D725-4ABB-931F-B2F6FF4D6835}.Ad-Hoc|iPhone.ActiveCfg = Release|x64
		{9568C608-D725-4ABB-931F-B2F6FF4D6835}.Ad-Hoc|iPhone.Build.0 = Release|x64
		{9568C608-D725-4ABB-931F-B2F6FF4D6835}.Ad-Hoc|iPhone.Deploy.0 = Release|x64
		{9568C608-D725-4ABB-931F-B2F6FF4D6835}.Ad-Hoc|iPhoneSimulator.ActiveCfg = Release|x64
		{9568C608-D725-4ABB-931F-B2F6FF4D6835}.Ad-Hoc|iPhoneSimulator.Build.0 = Release|x64
		{9568C608-D725-4ABB-931F-B2F6FF4D6835}.Ad-Hoc|iPhoneSimulator.Deploy.0 = Release|x64
		{9568C608-D725-4ABB-931F-B2F6FF4D6835}.Ad-Hoc|x64.ActiveCfg = Release|x64
		{9568C608-D725-4ABB-931F-B2F6FF4D6835}.Ad-Hoc|x64.Build.0 = Release|x64
		{9568C608-D725-4ABB-931F-B2F6FF4D6835}.Ad-Hoc|x64.Deploy.0 = Release|x64
		{9568C608-D725-4ABB-931F-B2F6FF4D6835}.Ad-Hoc|x86.ActiveCfg = Release|x86
		{9568C608-D725-4ABB-931F-B2F6FF4D6835}.Ad-Hoc|x86.Build.0 = Release|x86
		{9568C608-D725-4ABB-931F-B2F6FF4D6835}.Ad-Hoc|x86.Deploy.0 = Release|x86
		{9568C608-D725-4ABB-931F-B2F6FF4D6835}.AppStore|Any CPU.ActiveCfg = Release|x64
		{9568C608-D725-4ABB-931F-B2F6FF4D6835}.AppStore|Any CPU.Build.0 = Release|x64
		{9568C608-D725-4ABB-931F-B2F6FF4D6835}.AppStore|Any CPU.Deploy.0 = Release|x64
		{9568C608-D725-4ABB-931F-B2F6FF4D6835}.AppStore|ARM.ActiveCfg = Release|ARM
		{9568C608-D725-4ABB-931F-B2F6FF4D6835}.AppStore|ARM.Build.0 = Release|ARM
		{9568C608-D725-4ABB-931F-B2F6FF4D6835}.AppStore|ARM.Deploy.0 = Release|ARM
		{9568C608-D725-4ABB-931F-B2F6FF4D6835}.AppStore|iPhone.ActiveCfg = Release|x64
		{9568C608-D725-4ABB-931F-B2F6FF4D6835}.AppStore|iPhone.Build.0 = Release|x64
		{9568C608-D725-4ABB-931F-B2F6FF4D6835}.AppStore|iPhone.Deploy.0 = Release|x64
		{9568C608-D725-4ABB-931F-B2F6FF4D6835}.AppStore|iPhoneSimulator.ActiveCfg = Release|x64
		{9568C608-D725-4ABB-931F-B2F6FF4D6835}.AppStore|iPhoneSimulator.Build.0 = Release|x64
		{9568C608-D725-4ABB-931F-B2F6FF4D6835}.AppStore|iPhoneSimulator.Deploy.0 = Release|x64
		{9568C608-D725-4ABB-931F-B2F6FF4D6835}.AppStore|x64.ActiveCfg = Release|x64
		{9568C608-D725-4ABB-931F-B2F6FF4D6835}.AppStore|x64.Build.0 = Release|x64
		{9568C608-D725-4ABB-931F-B2F6FF4D6835}.AppStore|x64.Deploy.0 = Release|x64
		{9568C608-D725-4ABB-931F-B2F6FF4D6835}.AppStore|x86.ActiveCfg = Release|x86
		{9568C608-D725-4ABB-931F-B2F6FF4D6835}.AppStore|x86.Build.0 = Release|x86
		{9568C608-D725-4ABB-931F-B2F6FF4D6835}.AppStore|x86.Deploy.0 = Release|x86
		{9568C608-D725-4ABB-931F-B2F6FF4D6835}.Debug|Any CPU.ActiveCfg = Debug|x86
		{9568C608-D725-4ABB-931F-B2F6FF4D6835}.Debug|Any CPU.Build.0 = Debug|x86
		{9568C608-D725-4ABB-931F-B2F6FF4D6835}.Debug|Any CPU.Deploy.0 = Debug|x86
		{9568C608-D725-4ABB-931F-B2F6FF4D6835}.Debug|ARM.ActiveCfg = Debug|ARM
		{9568C608-D725-4ABB-931F-B2F6FF4D6835}.Debug|ARM.Build.0 = Debug|ARM
		{9568C608-D725-4ABB-931F-B2F6FF4D6835}.Debug|ARM.Deploy.0 = Debug|ARM
		{9568C608-D725-4ABB-931F-B2F6FF4D6835}.Debug|iPhone.ActiveCfg = Debug|x86
		{9568C608-D725-4ABB-931F-B2F6FF4D6835}.Debug|iPhone.Build.0 = Debug|x86
		{9568C608-D725-4ABB-931F-B2F6FF4D6835}.Debug|iPhone.Deploy.0 = Debug|x86
		{9568C608-D725-4ABB-931F-B2F6FF4D6835}.Debug|iPhoneSimulator.ActiveCfg = Debug|x86
		{9568C608-D725-4ABB-931F-B2F6FF4D6835}.Debug|x64.ActiveCfg = Debug|x64
		{9568C608-D725-4ABB-931F-B2F6FF4D6835}.Debug|x64.Build.0 = Debug|x64
		{9568C608-D725-4ABB-931F-B2F6FF4D6835}.Debug|x64.Deploy.0 = Debug|x64
		{9568C608-D725-4ABB-931F-B2F6FF4D6835}.Debug|x86.ActiveCfg = Debug|x86
		{9568C608-D725-4ABB-931F-B2F6FF4D6835}.Debug|x86.Build.0 = Debug|x86
		{9568C608-D725-4ABB-931F-B2F6FF4D6835}.Debug|x86.Deploy.0 = Debug|x86
		{9568C608-D725-4ABB-931F-B2F6FF4D6835}.Release|Any CPU.ActiveCfg = Release|x86
		{9568C608-D725-4ABB-931F-B2F6FF4D6835}.Release|ARM.ActiveCfg = Release|ARM
		{9568C608-D725-4ABB-931F-B2F6FF4D6835}.Release|ARM.Build.0 = Release|ARM
		{9568C608-D725-4ABB-931F-B2F6FF4D6835}.Release|ARM.Deploy.0 = Release|ARM
		{9568C608-D725-4ABB-931F-B2F6FF4D6835}.Release|iPhone.ActiveCfg = Release|x86
		{9568C608-D725-4ABB-931F-B2F6FF4D6835}.Release|iPhoneSimulator.ActiveCfg = Release|x86
		{9568C608-D725-4ABB-931F-B2F6FF4D6835}.Release|x64.ActiveCfg = Release|x64
		{9568C608-D725-4ABB-931F-B2F6FF4D6835}.Release|x64.Build.0 = Release|x64
		{9568C608-D725-4ABB-931F-B2F6FF4D6835}.Release|x64.Deploy.0 = Release|x64
		{9568C608-D725-4ABB-931F-B2F6FF4D6835}.Release|x86.ActiveCfg = Release|x86
		{9568C608-D725-4ABB-931F-B2F6FF4D6835}.Release|x86.Build.0 = Release|x86
		{9568C608-D725-4ABB-931F-B2F6FF4D6835}.Release|x86.Deploy.0 = Release|x86
		{32FEEE3E-CBB4-4E32-AD27-884BFAB0C79C}.Ad-Hoc|Any CPU.ActiveCfg = Ad-Hoc|iPhone
		{32FEEE3E-CBB4-4E32-AD27-884BFAB0C79C}.Ad-Hoc|ARM.ActiveCfg = Ad-Hoc|iPhone
		{32FEEE3E-CBB4-4E32-AD27-884BFAB0C79C}.Ad-Hoc|iPhone.ActiveCfg = Ad-Hoc|iPhone
		{32FEEE3E-CBB4-4E32-AD27-884BFAB0C79C}.Ad-Hoc|iPhone.Build.0 = Ad-Hoc|iPhone
		{32FEEE3E-CBB4-4E32-AD27-884BFAB0C79C}.Ad-Hoc|iPhoneSimulator.ActiveCfg = Ad-Hoc|iPhoneSimulator
		{32FEEE3E-CBB4-4E32-AD27-884BFAB0C79C}.Ad-Hoc|iPhoneSimulator.Build.0 = Ad-Hoc|iPhoneSimulator
		{32FEEE3E-CBB4-4E32-AD27-884BFAB0C79C}.Ad-Hoc|x64.ActiveCfg = Ad-Hoc|iPhone
		{32FEEE3E-CBB4-4E32-AD27-884BFAB0C79C}.Ad-Hoc|x86.ActiveCfg = Ad-Hoc|iPhone
		{32FEEE3E-CBB4-4E32-AD27-884BFAB0C79C}.AppStore|Any CPU.ActiveCfg = AppStore|iPhone
		{32FEEE3E-CBB4-4E32-AD27-884BFAB0C79C}.AppStore|ARM.ActiveCfg = AppStore|iPhone
		{32FEEE3E-CBB4-4E32-AD27-884BFAB0C79C}.AppStore|iPhone.ActiveCfg = AppStore|iPhone
		{32FEEE3E-CBB4-4E32-AD27-884BFAB0C79C}.AppStore|iPhone.Build.0 = AppStore|iPhone
		{32FEEE3E-CBB4-4E32-AD27-884BFAB0C79C}.AppStore|iPhoneSimulator.ActiveCfg = AppStore|iPhoneSimulator
		{32FEEE3E-CBB4-4E32-AD27-884BFAB0C79C}.AppStore|iPhoneSimulator.Build.0 = AppStore|iPhoneSimulator
		{32FEEE3E-CBB4-4E32-AD27-884BFAB0C79C}.AppStore|x64.ActiveCfg = AppStore|iPhone
		{32FEEE3E-CBB4-4E32-AD27-884BFAB0C79C}.AppStore|x86.ActiveCfg = AppStore|iPhone
		{32FEEE3E-CBB4-4E32-AD27-884BFAB0C79C}.Debug|Any CPU.ActiveCfg = Debug|iPhone
		{32FEEE3E-CBB4-4E32-AD27-884BFAB0C79C}.Debug|ARM.ActiveCfg = Debug|iPhone
		{32FEEE3E-CBB4-4E32-AD27-884BFAB0C79C}.Debug|iPhone.ActiveCfg = Debug|iPhone
		{32FEEE3E-CBB4-4E32-AD27-884BFAB0C79C}.Debug|iPhone.Build.0 = Debug|iPhone
		{32FEEE3E-CBB4-4E32-AD27-884BFAB0C79C}.Debug|iPhoneSimulator.ActiveCfg = Debug|iPhoneSimulator
		{32FEEE3E-CBB4-4E32-AD27-884BFAB0C79C}.Debug|iPhoneSimulator.Build.0 = Debug|iPhoneSimulator
		{32FEEE3E-CBB4-4E32-AD27-884BFAB0C79C}.Debug|x64.ActiveCfg = Debug|iPhone
		{32FEEE3E-CBB4-4E32-AD27-884BFAB0C79C}.Debug|x86.ActiveCfg = Debug|iPhone
		{32FEEE3E-CBB4-4E32-AD27-884BFAB0C79C}.Release|Any CPU.ActiveCfg = Release|iPhone
		{32FEEE3E-CBB4-4E32-AD27-884BFAB0C79C}.Release|ARM.ActiveCfg = Release|iPhone
		{32FEEE3E-CBB4-4E32-AD27-884BFAB0C79C}.Release|iPhone.ActiveCfg = Release|iPhone
		{32FEEE3E-CBB4-4E32-AD27-884BFAB0C79C}.Release|iPhone.Build.0 = Release|iPhone
		{32FEEE3E-CBB4-4E32-AD27-884BFAB0C79C}.Release|iPhoneSimulator.ActiveCfg = Release|iPhoneSimulator
		{32FEEE3E-CBB4-4E32-AD27-884BFAB0C79C}.Release|iPhoneSimulator.Build.0 = Release|iPhoneSimulator
		{32FEEE3E-CBB4-4E32-AD27-884BFAB0C79C}.Release|x64.ActiveCfg = Release|iPhone
		{32FEEE3E-CBB4-4E32-AD27-884BFAB0C79C}.Release|x86.ActiveCfg = Release|iPhone
		{E2031595-CB80-45F8-BB9E-0BF7FFCEF3C5}.Ad-Hoc|Any CPU.ActiveCfg = Release|Any CPU
		{E2031595-CB80-45F8-BB9E-0BF7FFCEF3C5}.Ad-Hoc|Any CPU.Build.0 = Release|Any CPU
		{E2031595-CB80-45F8-BB9E-0BF7FFCEF3C5}.Ad-Hoc|ARM.ActiveCfg = Release|Any CPU
		{E2031595-CB80-45F8-BB9E-0BF7FFCEF3C5}.Ad-Hoc|ARM.Build.0 = Release|Any CPU
		{E2031595-CB80-45F8-BB9E-0BF7FFCEF3C5}.Ad-Hoc|iPhone.ActiveCfg = Release|Any CPU
		{E2031595-CB80-45F8-BB9E-0BF7FFCEF3C5}.Ad-Hoc|iPhone.Build.0 = Release|Any CPU
		{E2031595-CB80-45F8-BB9E-0BF7FFCEF3C5}.Ad-Hoc|iPhoneSimulator.ActiveCfg = Release|Any CPU
		{E2031595-CB80-45F8-BB9E-0BF7FFCEF3C5}.Ad-Hoc|iPhoneSimulator.Build.0 = Release|Any CPU
		{E2031595-CB80-45F8-BB9E-0BF7FFCEF3C5}.Ad-Hoc|x64.ActiveCfg = Release|Any CPU
		{E2031595-CB80-45F8-BB9E-0BF7FFCEF3C5}.Ad-Hoc|x64.Build.0 = Release|Any CPU
		{E2031595-CB80-45F8-BB9E-0BF7FFCEF3C5}.Ad-Hoc|x86.ActiveCfg = Release|Any CPU
		{E2031595-CB80-45F8-BB9E-0BF7FFCEF3C5}.Ad-Hoc|x86.Build.0 = Release|Any CPU
		{E2031595-CB80-45F8-BB9E-0BF7FFCEF3C5}.AppStore|Any CPU.ActiveCfg = Release|Any CPU
		{E2031595-CB80-45F8-BB9E-0BF7FFCEF3C5}.AppStore|Any CPU.Build.0 = Release|Any CPU
		{E2031595-CB80-45F8-BB9E-0BF7FFCEF3C5}.AppStore|ARM.ActiveCfg = Release|Any CPU
		{E2031595-CB80-45F8-BB9E-0BF7FFCEF3C5}.AppStore|ARM.Build.0 = Release|Any CPU
		{E2031595-CB80-45F8-BB9E-0BF7FFCEF3C5}.AppStore|iPhone.ActiveCfg = Release|Any CPU
		{E2031595-CB80-45F8-BB9E-0BF7FFCEF3C5}.AppStore|iPhone.Build.0 = Release|Any CPU
		{E2031595-CB80-45F8-BB9E-0BF7FFCEF3C5}.AppStore|iPhoneSimulator.ActiveCfg = Release|Any CPU
		{E2031595-CB80-45F8-BB9E-0BF7FFCEF3C5}.AppStore|iPhoneSimulator.Build.0 = Release|Any CPU
		{E2031595-CB80-45F8-BB9E-0BF7FFCEF3C5}.AppStore|x64.ActiveCfg = Release|Any CPU
		{E2031595-CB80-45F8-BB9E-0BF7FFCEF3C5}.AppStore|x64.Build.0 = Release|Any CPU
		{E2031595-CB80-45F8-BB9E-0BF7FFCEF3C5}.AppStore|x86.ActiveCfg = Release|Any CPU
		{E2031595-CB80-45F8-BB9E-0BF7FFCEF3C5}.AppStore|x86.Build.0 = Release|Any CPU
		{E2031595-CB80-45F8-BB9E-0BF7FFCEF3C5}.Debug|Any CPU.ActiveCfg = Debug|Any CPU
		{E2031595-CB80-45F8-BB9E-0BF7FFCEF3C5}.Debug|Any CPU.Build.0 = Debug|Any CPU
		{E2031595-CB80-45F8-BB9E-0BF7FFCEF3C5}.Debug|ARM.ActiveCfg = Debug|Any CPU
		{E2031595-CB80-45F8-BB9E-0BF7FFCEF3C5}.Debug|ARM.Build.0 = Debug|Any CPU
		{E2031595-CB80-45F8-BB9E-0BF7FFCEF3C5}.Debug|iPhone.ActiveCfg = Debug|Any CPU
		{E2031595-CB80-45F8-BB9E-0BF7FFCEF3C5}.Debug|iPhone.Build.0 = Debug|Any CPU
		{E2031595-CB80-45F8-BB9E-0BF7FFCEF3C5}.Debug|iPhoneSimulator.ActiveCfg = Debug|Any CPU
		{E2031595-CB80-45F8-BB9E-0BF7FFCEF3C5}.Debug|iPhoneSimulator.Build.0 = Debug|Any CPU
		{E2031595-CB80-45F8-BB9E-0BF7FFCEF3C5}.Debug|x64.ActiveCfg = Debug|Any CPU
		{E2031595-CB80-45F8-BB9E-0BF7FFCEF3C5}.Debug|x64.Build.0 = Debug|Any CPU
		{E2031595-CB80-45F8-BB9E-0BF7FFCEF3C5}.Debug|x86.ActiveCfg = Debug|Any CPU
		{E2031595-CB80-45F8-BB9E-0BF7FFCEF3C5}.Debug|x86.Build.0 = Debug|Any CPU
		{E2031595-CB80-45F8-BB9E-0BF7FFCEF3C5}.Release|Any CPU.ActiveCfg = Release|Any CPU
		{E2031595-CB80-45F8-BB9E-0BF7FFCEF3C5}.Release|Any CPU.Build.0 = Release|Any CPU
		{E2031595-CB80-45F8-BB9E-0BF7FFCEF3C5}.Release|ARM.ActiveCfg = Release|Any CPU
		{E2031595-CB80-45F8-BB9E-0BF7FFCEF3C5}.Release|ARM.Build.0 = Release|Any CPU
		{E2031595-CB80-45F8-BB9E-0BF7FFCEF3C5}.Release|iPhone.ActiveCfg = Release|Any CPU
		{E2031595-CB80-45F8-BB9E-0BF7FFCEF3C5}.Release|iPhone.Build.0 = Release|Any CPU
		{E2031595-CB80-45F8-BB9E-0BF7FFCEF3C5}.Release|iPhoneSimulator.ActiveCfg = Release|Any CPU
		{E2031595-CB80-45F8-BB9E-0BF7FFCEF3C5}.Release|iPhoneSimulator.Build.0 = Release|Any CPU
		{E2031595-CB80-45F8-BB9E-0BF7FFCEF3C5}.Release|x64.ActiveCfg = Release|Any CPU
		{E2031595-CB80-45F8-BB9E-0BF7FFCEF3C5}.Release|x64.Build.0 = Release|Any CPU
		{E2031595-CB80-45F8-BB9E-0BF7FFCEF3C5}.Release|x86.ActiveCfg = Release|Any CPU
		{E2031595-CB80-45F8-BB9E-0BF7FFCEF3C5}.Release|x86.Build.0 = Release|Any CPU
	EndGlobalSection
	GlobalSection(SolutionProperties) = preSolution
		HideSolutionNode = FALSE
	EndGlobalSection
EndGlobal
